
Microsoft Visual Studio Solution File, Format Version 12.00
# Visual Studio Version 16
VisualStudioVersion = 16.0.33801.447
MinimumVisualStudioVersion = 10.0.40219.1
Project("{FAE04EC0-301F-11D3-BF4B-00C04F79EFBC}") = "ExerciciosDeArquivosCsharp", "ExerciciosDeArquivosCsharp\ExerciciosDeArquivosCsharp.csproj", "{3262E71E-096E-4A2F-A2E8-6A18FF914792}"
EndProject
Global
	GlobalSection(SolutionConfigurationPlatforms) = preSolution
		Debug|Any CPU = Debug|Any CPU
		Release|Any CPU = Release|Any CPU
	EndGlobalSection
	GlobalSection(ProjectConfigurationPlatforms) = postSolution
		{3262E71E-096E-4A2F-A2E8-6A18FF914792}.Debug|Any CPU.ActiveCfg = Debug|Any CPU
		{3262E71E-096E-4A2F-A2E8-6A18FF914792}.Debug|Any CPU.Build.0 = Debug|Any CPU
		{3262E71E-096E-4A2F-A2E8-6A18FF914792}.Release|Any CPU.ActiveCfg = Release|Any CPU
		{3262E71E-096E-4A2F-A2E8-6A18FF914792}.Release|Any CPU.Build.0 = Release|Any CPU
	EndGlobalSection
	GlobalSection(SolutionProperties) = preSolution
		HideSolutionNode = FALSE
	EndGlobalSection
	GlobalSection(ExtensibilityGlobals) = postSolution
		SolutionGuid = {B6B61778-91E9-4BCE-8AD6-4D5AE603396C}
	EndGlobalSection
EndGlobal
